
Microsoft Visual Studio Solution File, Format Version 12.00
# Visual Studio Version 16
VisualStudioVersion = 16.0.29123.88
MinimumVisualStudioVersion = 10.0.40219.1
Project("{FAE04EC0-301F-11D3-BF4B-00C04F79EFBC}") = "Moire", "Moire\Moire.csproj", "{46DFB384-2F9E-4630-A582-1556F016FE90}"
EndProject
Project("{FAE04EC0-301F-11D3-BF4B-00C04F79EFBC}") = "CellularAutomaton", "Cellular-Automaton\CellularAutomaton.csproj", "{27E3DB1B-5897-4886-B1BE-181EACA8A288}"
EndProject
Global
	GlobalSection(SolutionConfigurationPlatforms) = preSolution
		Debug|Any CPU = Debug|Any CPU
		Release|Any CPU = Release|Any CPU
	EndGlobalSection
	GlobalSection(ProjectConfigurationPlatforms) = postSolution
		{46DFB384-2F9E-4630-A582-1556F016FE90}.Debug|Any CPU.ActiveCfg = Debug|Any CPU
		{46DFB384-2F9E-4630-A582-1556F016FE90}.Debug|Any CPU.Build.0 = Debug|Any CPU
		{46DFB384-2F9E-4630-A582-1556F016FE90}.Release|Any CPU.ActiveCfg = Release|Any CPU
		{46DFB384-2F9E-4630-A582-1556F016FE90}.Release|Any CPU.Build.0 = Release|Any CPU
		{27E3DB1B-5897-4886-B1BE-181EACA8A288}.Debug|Any CPU.ActiveCfg = Debug|Any CPU
		{27E3DB1B-5897-4886-B1BE-181EACA8A288}.Debug|Any CPU.Build.0 = Debug|Any CPU
		{27E3DB1B-5897-4886-B1BE-181EACA8A288}.Release|Any CPU.ActiveCfg = Release|Any CPU
		{27E3DB1B-5897-4886-B1BE-181EACA8A288}.Release|Any CPU.Build.0 = Release|Any CPU
	EndGlobalSection
	GlobalSection(SolutionProperties) = preSolution
		HideSolutionNode = FALSE
	EndGlobalSection
	GlobalSection(ExtensibilityGlobals) = postSolution
		SolutionGuid = {20BA04DF-8BBE-4A0F-A80E-C85E4CE09D1A}
	EndGlobalSection
EndGlobal
